
Microsoft Visual Studio Solution File, Format Version 12.00
# Visual Studio Version 16
VisualStudioVersion = 16.0.32630.194
MinimumVisualStudioVersion = 10.0.40219.1
Project("{FAE04EC0-301F-11D3-BF4B-00C04F79EFBC}") = "Poverka_Service", "Poverka_Service.csproj", "{5EE8349C-FFCB-42F3-87E8-98C23CAE03D6}"
EndProject
Global
	GlobalSection(SolutionConfigurationPlatforms) = preSolution
		Debug|Any CPU = Debug|Any CPU
		Release|Any CPU = Release|Any CPU
	EndGlobalSection
	GlobalSection(ProjectConfigurationPlatforms) = postSolution
		{5EE8349C-FFCB-42F3-87E8-98C23CAE03D6}.Debug|Any CPU.ActiveCfg = Debug|Any CPU
		{5EE8349C-FFCB-42F3-87E8-98C23CAE03D6}.Debug|Any CPU.Build.0 = Debug|Any CPU
		{5EE8349C-FFCB-42F3-87E8-98C23CAE03D6}.Release|Any CPU.ActiveCfg = Release|Any CPU
		{5EE8349C-FFCB-42F3-87E8-98C23CAE03D6}.Release|Any CPU.Build.0 = Release|Any CPU
	EndGlobalSection
	GlobalSection(SolutionProperties) = preSolution
		HideSolutionNode = FALSE
	EndGlobalSection
	GlobalSection(ExtensibilityGlobals) = postSolution
		SolutionGuid = {C47B946A-5E5F-4F15-98E0-EC42BE3715EA}
	EndGlobalSection
EndGlobal
